// !$*UTF8*$!
{
	archiveVersion = 1;
	classes = {
	};
	objectVersion = 46;
	objects = {

/* Begin PBXBuildFile section */
		2B62D0DF1796498800AC3C19 /* OZLIssueCreateViewController.storyboard in Resources */ = {isa = PBXBuildFile; fileRef = 2B62D0DE1796498800AC3C19 /* OZLIssueCreateViewController.storyboard */; };
		2B62D0E1179649A800AC3C19 /* OZLIssueDetailViewController.storyboard in Resources */ = {isa = PBXBuildFile; fileRef = 2B62D0E0179649A800AC3C19 /* OZLIssueDetailViewController.storyboard */; };
		2B62D0E31796A15C00AC3C19 /* OZLProjectCreateViewController.storyboard in Resources */ = {isa = PBXBuildFile; fileRef = 2B62D0E21796A15C00AC3C19 /* OZLProjectCreateViewController.storyboard */; };
		2B62D0E81796A8D800AC3C19 /* OZLIssueFilterViewController.m in Sources */ = {isa = PBXBuildFile; fileRef = 2B62D0E71796A8D800AC3C19 /* OZLIssueFilterViewController.m */; };
		2B6F382F1797A00A00D06F51 /* MLTableAlertBackground.png in Resources */ = {isa = PBXBuildFile; fileRef = 2B6F38251797A00A00D06F51 /* MLTableAlertBackground.png */; };
		2B6F38301797A00A00D06F51 /* MLTableAlertBackground@2x.png in Resources */ = {isa = PBXBuildFile; fileRef = 2B6F38261797A00A00D06F51 /* MLTableAlertBackground@2x.png */; };
		2B6F38311797A00A00D06F51 /* MLTableAlertButton.png in Resources */ = {isa = PBXBuildFile; fileRef = 2B6F38271797A00A00D06F51 /* MLTableAlertButton.png */; };
		2B6F38321797A00A00D06F51 /* MLTableAlertButton@2x.png in Resources */ = {isa = PBXBuildFile; fileRef = 2B6F38281797A00A00D06F51 /* MLTableAlertButton@2x.png */; };
		2B6F38331797A00A00D06F51 /* MLTableAlertButtonPressed.png in Resources */ = {isa = PBXBuildFile; fileRef = 2B6F38291797A00A00D06F51 /* MLTableAlertButtonPressed.png */; };
		2B6F38341797A00A00D06F51 /* MLTableAlertButtonPressed@2x.png in Resources */ = {isa = PBXBuildFile; fileRef = 2B6F382A1797A00A00D06F51 /* MLTableAlertButtonPressed@2x.png */; };
		2B6F38351797A00A00D06F51 /* MLTableAlertShadowMask.png in Resources */ = {isa = PBXBuildFile; fileRef = 2B6F382B1797A00A00D06F51 /* MLTableAlertShadowMask.png */; };
		2B6F38361797A00A00D06F51 /* MLTableAlertShadowMask@2x.png in Resources */ = {isa = PBXBuildFile; fileRef = 2B6F382C1797A00A00D06F51 /* MLTableAlertShadowMask@2x.png */; };
		2B6F38371797A00A00D06F51 /* MLTableAlert.m in Sources */ = {isa = PBXBuildFile; fileRef = 2B6F382E1797A00A00D06F51 /* MLTableAlert.m */; };
		2B6F38391797BEBA00D06F51 /* QuartzCore.framework in Frameworks */ = {isa = PBXBuildFile; fileRef = 2B6F38381797BEBA00D06F51 /* QuartzCore.framework */; };
		2B8A11E217963CE500906D34 /* OZLIssueDetailViewController.m in Sources */ = {isa = PBXBuildFile; fileRef = 2B8A11E117963CE500906D34 /* OZLIssueDetailViewController.m */; };
		2B9968AB1794F71B0086F115 /* OZLModelIssueCategory.m in Sources */ = {isa = PBXBuildFile; fileRef = 2B9968AA1794F71B0086F115 /* OZLModelIssueCategory.m */; };
		2B9968AF1794FC0A0086F115 /* OZLProjectCreateViewController.m in Sources */ = {isa = PBXBuildFile; fileRef = 2B9968AD1794FC0A0086F115 /* OZLProjectCreateViewController.m */; };
		2B9968B417951A5C0086F115 /* OZLIssueCreateViewController.m in Sources */ = {isa = PBXBuildFile; fileRef = 2B9968B217951A5C0086F115 /* OZLIssueCreateViewController.m */; };
		2BCCA0541795312E00FA8B1A /* OZLConstants.m in Sources */ = {isa = PBXBuildFile; fileRef = 2BCCA0531795312E00FA8B1A /* OZLConstants.m */; };
		2BCF880C1793A26A006FC859 /* MBProgressHUD.m in Sources */ = {isa = PBXBuildFile; fileRef = 2BCF880B1793A26A006FC859 /* MBProgressHUD.m */; };
		2BCF88101793ABA0006FC859 /* Reachability.m in Sources */ = {isa = PBXBuildFile; fileRef = 2BCF880F1793ABA0006FC859 /* Reachability.m */; settings = {COMPILER_FLAGS = "-fno-objc-arc"; }; };
		2BCF88121793CB4F006FC859 /* CFNetwork.framework in Frameworks */ = {isa = PBXBuildFile; fileRef = 2BCF88111793CB4F006FC859 /* CFNetwork.framework */; };
		2BCF88141793CB94006FC859 /* SystemConfiguration.framework in Frameworks */ = {isa = PBXBuildFile; fileRef = 2BCF88131793CB94006FC859 /* SystemConfiguration.framework */; };
		2BCF88181793E353006FC859 /* OZLProjectDetailViewController.m in Sources */ = {isa = PBXBuildFile; fileRef = 2BCF88161793E353006FC859 /* OZLProjectDetailViewController.m */; };
		2BCF88191793E353006FC859 /* OZLProjectDetailViewController.xib in Resources */ = {isa = PBXBuildFile; fileRef = 2BCF88171793E353006FC859 /* OZLProjectDetailViewController.xib */; };
		2BCF881E1793F3C8006FC859 /* OZLModelIssue.m in Sources */ = {isa = PBXBuildFile; fileRef = 2BCF881D1793F3C8006FC859 /* OZLModelIssue.m */; };
		2BCF88211793F478006FC859 /* OZLModelTracker.m in Sources */ = {isa = PBXBuildFile; fileRef = 2BCF88201793F478006FC859 /* OZLModelTracker.m */; };
		2BCF88271793F4AA006FC859 /* OZLModelIssueStatus.m in Sources */ = {isa = PBXBuildFile; fileRef = 2BCF88261793F4AA006FC859 /* OZLModelIssueStatus.m */; };
		2BCF882A1793F4C9006FC859 /* OZLModelIssuePriority.m in Sources */ = {isa = PBXBuildFile; fileRef = 2BCF88291793F4C9006FC859 /* OZLModelIssuePriority.m */; };
		2BCF88301793F5CE006FC859 /* OZLModelUser.m in Sources */ = {isa = PBXBuildFile; fileRef = 2BCF882F1793F5CE006FC859 /* OZLModelUser.m */; };
		D5DB805A1792F2BF0081662A /* UIKit.framework in Frameworks */ = {isa = PBXBuildFile; fileRef = D5DB80591792F2BF0081662A /* UIKit.framework */; };
		D5DB805C1792F2BF0081662A /* Foundation.framework in Frameworks */ = {isa = PBXBuildFile; fileRef = D5DB805B1792F2BF0081662A /* Foundation.framework */; };
		D5DB805E1792F2BF0081662A /* CoreGraphics.framework in Frameworks */ = {isa = PBXBuildFile; fileRef = D5DB805D1792F2BF0081662A /* CoreGraphics.framework */; };
		D5DB80641792F2BF0081662A /* InfoPlist.strings in Resources */ = {isa = PBXBuildFile; fileRef = D5DB80621792F2BF0081662A /* InfoPlist.strings */; };
		D5DB80661792F2BF0081662A /* main.m in Sources */ = {isa = PBXBuildFile; fileRef = D5DB80651792F2BF0081662A /* main.m */; };
		D5DB806A1792F2BF0081662A /* OZLAppDelegate.m in Sources */ = {isa = PBXBuildFile; fileRef = D5DB80691792F2BF0081662A /* OZLAppDelegate.m */; };
		D5DB806C1792F2BF0081662A /* Default.png in Resources */ = {isa = PBXBuildFile; fileRef = D5DB806B1792F2BF0081662A /* Default.png */; };
		D5DB806E1792F2BF0081662A /* Default@2x.png in Resources */ = {isa = PBXBuildFile; fileRef = D5DB806D1792F2BF0081662A /* Default@2x.png */; };
		D5DB80701792F2BF0081662A /* Default-568h@2x.png in Resources */ = {isa = PBXBuildFile; fileRef = D5DB806F1792F2BF0081662A /* Default-568h@2x.png */; };
		D5DB80961792F3EE0081662A /* AFHTTPClient.m in Sources */ = {isa = PBXBuildFile; fileRef = D5DB80791792F3EE0081662A /* AFHTTPClient.m */; };
		D5DB80971792F3EE0081662A /* AFHTTPRequestOperation.m in Sources */ = {isa = PBXBuildFile; fileRef = D5DB807B1792F3EE0081662A /* AFHTTPRequestOperation.m */; };
		D5DB80981792F3EE0081662A /* AFImageRequestOperation.m in Sources */ = {isa = PBXBuildFile; fileRef = D5DB807D1792F3EE0081662A /* AFImageRequestOperation.m */; };
		D5DB80991792F3EE0081662A /* AFJSONRequestOperation.m in Sources */ = {isa = PBXBuildFile; fileRef = D5DB807F1792F3EE0081662A /* AFJSONRequestOperation.m */; };
		D5DB809A1792F3EE0081662A /* AFNetworkActivityIndicatorManager.m in Sources */ = {isa = PBXBuildFile; fileRef = D5DB80811792F3EE0081662A /* AFNetworkActivityIndicatorManager.m */; };
		D5DB809B1792F3EE0081662A /* AFPropertyListRequestOperation.m in Sources */ = {isa = PBXBuildFile; fileRef = D5DB80841792F3EE0081662A /* AFPropertyListRequestOperation.m */; };
		D5DB809C1792F3EE0081662A /* AFURLConnectionOperation.m in Sources */ = {isa = PBXBuildFile; fileRef = D5DB80861792F3EE0081662A /* AFURLConnectionOperation.m */; };
		D5DB809D1792F3EE0081662A /* AFXMLRequestOperation.m in Sources */ = {isa = PBXBuildFile; fileRef = D5DB80881792F3EE0081662A /* AFXMLRequestOperation.m */; };
		D5DB809E1792F3EE0081662A /* UIImageView+AFNetworking.m in Sources */ = {isa = PBXBuildFile; fileRef = D5DB808A1792F3EE0081662A /* UIImageView+AFNetworking.m */; };
		D5DB809F1792F3EE0081662A /* PCLineChartView.m in Sources */ = {isa = PBXBuildFile; fileRef = D5DB808D1792F3EE0081662A /* PCLineChartView.m */; };
		D5DB80A01792F3EE0081662A /* PCPieChart.m in Sources */ = {isa = PBXBuildFile; fileRef = D5DB808F1792F3EE0081662A /* PCPieChart.m */; };
		D5DB80A11792F3EE0081662A /* JSONKit.m in Sources */ = {isa = PBXBuildFile; fileRef = D5DB80921792F3EE0081662A /* JSONKit.m */; settings = {COMPILER_FLAGS = "-fno-objc-arc"; }; };
		D5DB80A21792F3EE0081662A /* PPRevealSideViewController.m in Sources */ = {isa = PBXBuildFile; fileRef = D5DB80951792F3EE0081662A /* PPRevealSideViewController.m */; };
		D5DB80A61792F4DE0081662A /* OZLProjectListViewController.m in Sources */ = {isa = PBXBuildFile; fileRef = D5DB80A41792F4DE0081662A /* OZLProjectListViewController.m */; };
		D5DB80A71792F4DE0081662A /* OZLProjectListViewController.xib in Resources */ = {isa = PBXBuildFile; fileRef = D5DB80A51792F4DE0081662A /* OZLProjectListViewController.xib */; };
		D5DB80AC1792F6980081662A /* OZLProjectViewController.m in Sources */ = {isa = PBXBuildFile; fileRef = D5DB80AA1792F6980081662A /* OZLProjectViewController.m */; };
		D5DB80AD1792F6980081662A /* OZLProjectViewController.xib in Resources */ = {isa = PBXBuildFile; fileRef = D5DB80AB1792F6980081662A /* OZLProjectViewController.xib */; };
		D5DB80B1179300B90081662A /* OZLNetwork.m in Sources */ = {isa = PBXBuildFile; fileRef = D5DB80B0179300B90081662A /* OZLNetwork.m */; };
		D5DB80B51793016B0081662A /* OZLAccountViewController.m in Sources */ = {isa = PBXBuildFile; fileRef = D5DB80B31793016B0081662A /* OZLAccountViewController.m */; };
		D5DB80B61793016B0081662A /* OZLAccountViewController.xib in Resources */ = {isa = PBXBuildFile; fileRef = D5DB80B41793016B0081662A /* OZLAccountViewController.xib */; };
		D5DB80BA17930C830081662A /* OZLNetworkBase.m in Sources */ = {isa = PBXBuildFile; fileRef = D5DB80B917930C830081662A /* OZLNetworkBase.m */; };
		D5DB80BD17930ECD0081662A /* OZLSingleton.m in Sources */ = {isa = PBXBuildFile; fileRef = D5DB80BC17930ECD0081662A /* OZLSingleton.m */; };
		D5DB80C217931C8B0081662A /* OZLModelProject.m in Sources */ = {isa = PBXBuildFile; fileRef = D5DB80C117931C8B0081662A /* OZLModelProject.m */; };
/* End PBXBuildFile section */

/* Begin PBXFileReference section */
		2B62D0DE1796498800AC3C19 /* OZLIssueCreateViewController.storyboard */ = {isa = PBXFileReference; fileEncoding = 4; lastKnownFileType = file.storyboard; name = OZLIssueCreateViewController.storyboard; path = ViewControllers/OZLIssueCreateViewController.storyboard; sourceTree = "<group>"; };
		2B62D0E0179649A800AC3C19 /* OZLIssueDetailViewController.storyboard */ = {isa = PBXFileReference; fileEncoding = 4; lastKnownFileType = file.storyboard; name = OZLIssueDetailViewController.storyboard; path = ViewControllers/OZLIssueDetailViewController.storyboard; sourceTree = "<group>"; };
		2B62D0E21796A15C00AC3C19 /* OZLProjectCreateViewController.storyboard */ = {isa = PBXFileReference; fileEncoding = 4; lastKnownFileType = file.storyboard; name = OZLProjectCreateViewController.storyboard; path = ViewControllers/OZLProjectCreateViewController.storyboard; sourceTree = "<group>"; };
		2B62D0E61796A8D800AC3C19 /* OZLIssueFilterViewController.h */ = {isa = PBXFileReference; fileEncoding = 4; lastKnownFileType = sourcecode.c.h; name = OZLIssueFilterViewController.h; path = ViewControllers/OZLIssueFilterViewController.h; sourceTree = "<group>"; };
		2B62D0E71796A8D800AC3C19 /* OZLIssueFilterViewController.m */ = {isa = PBXFileReference; fileEncoding = 4; lastKnownFileType = sourcecode.c.objc; name = OZLIssueFilterViewController.m; path = ViewControllers/OZLIssueFilterViewController.m; sourceTree = "<group>"; };
		2B6F38251797A00A00D06F51 /* MLTableAlertBackground.png */ = {isa = PBXFileReference; lastKnownFileType = image.png; path = MLTableAlertBackground.png; sourceTree = "<group>"; };
		2B6F38261797A00A00D06F51 /* MLTableAlertBackground@2x.png */ = {isa = PBXFileReference; lastKnownFileType = image.png; path = "MLTableAlertBackground@2x.png"; sourceTree = "<group>"; };
		2B6F38271797A00A00D06F51 /* MLTableAlertButton.png */ = {isa = PBXFileReference; lastKnownFileType = image.png; path = MLTableAlertButton.png; sourceTree = "<group>"; };
		2B6F38281797A00A00D06F51 /* MLTableAlertButton@2x.png */ = {isa = PBXFileReference; lastKnownFileType = image.png; path = "MLTableAlertButton@2x.png"; sourceTree = "<group>"; };
		2B6F38291797A00A00D06F51 /* MLTableAlertButtonPressed.png */ = {isa = PBXFileReference; lastKnownFileType = image.png; path = MLTableAlertButtonPressed.png; sourceTree = "<group>"; };
		2B6F382A1797A00A00D06F51 /* MLTableAlertButtonPressed@2x.png */ = {isa = PBXFileReference; lastKnownFileType = image.png; path = "MLTableAlertButtonPressed@2x.png"; sourceTree = "<group>"; };
		2B6F382B1797A00A00D06F51 /* MLTableAlertShadowMask.png */ = {isa = PBXFileReference; lastKnownFileType = image.png; path = MLTableAlertShadowMask.png; sourceTree = "<group>"; };
		2B6F382C1797A00A00D06F51 /* MLTableAlertShadowMask@2x.png */ = {isa = PBXFileReference; lastKnownFileType = image.png; path = "MLTableAlertShadowMask@2x.png"; sourceTree = "<group>"; };
		2B6F382D1797A00A00D06F51 /* MLTableAlert.h */ = {isa = PBXFileReference; fileEncoding = 4; lastKnownFileType = sourcecode.c.h; path = MLTableAlert.h; sourceTree = "<group>"; };
		2B6F382E1797A00A00D06F51 /* MLTableAlert.m */ = {isa = PBXFileReference; fileEncoding = 4; lastKnownFileType = sourcecode.c.objc; path = MLTableAlert.m; sourceTree = "<group>"; };
		2B6F38381797BEBA00D06F51 /* QuartzCore.framework */ = {isa = PBXFileReference; lastKnownFileType = wrapper.framework; name = QuartzCore.framework; path = System/Library/Frameworks/QuartzCore.framework; sourceTree = SDKROOT; };
		2B8A11E017963CE500906D34 /* OZLIssueDetailViewController.h */ = {isa = PBXFileReference; fileEncoding = 4; lastKnownFileType = sourcecode.c.h; name = OZLIssueDetailViewController.h; path = ViewControllers/OZLIssueDetailViewController.h; sourceTree = "<group>"; };
		2B8A11E117963CE500906D34 /* OZLIssueDetailViewController.m */ = {isa = PBXFileReference; fileEncoding = 4; lastKnownFileType = sourcecode.c.objc; name = OZLIssueDetailViewController.m; path = ViewControllers/OZLIssueDetailViewController.m; sourceTree = "<group>"; };
		2B9968A91794F71B0086F115 /* OZLModelIssueCategory.h */ = {isa = PBXFileReference; fileEncoding = 4; lastKnownFileType = sourcecode.c.h; name = OZLModelIssueCategory.h; path = Models/OZLModelIssueCategory.h; sourceTree = "<group>"; };
		2B9968AA1794F71B0086F115 /* OZLModelIssueCategory.m */ = {isa = PBXFileReference; fileEncoding = 4; lastKnownFileType = sourcecode.c.objc; name = OZLModelIssueCategory.m; path = Models/OZLModelIssueCategory.m; sourceTree = "<group>"; };
		2B9968AC1794FC0A0086F115 /* OZLProjectCreateViewController.h */ = {isa = PBXFileReference; fileEncoding = 4; lastKnownFileType = sourcecode.c.h; name = OZLProjectCreateViewController.h; path = ViewControllers/OZLProjectCreateViewController.h; sourceTree = "<group>"; };
		2B9968AD1794FC0A0086F115 /* OZLProjectCreateViewController.m */ = {isa = PBXFileReference; fileEncoding = 4; lastKnownFileType = sourcecode.c.objc; name = OZLProjectCreateViewController.m; path = ViewControllers/OZLProjectCreateViewController.m; sourceTree = "<group>"; };
		2B9968B117951A5C0086F115 /* OZLIssueCreateViewController.h */ = {isa = PBXFileReference; fileEncoding = 4; lastKnownFileType = sourcecode.c.h; name = OZLIssueCreateViewController.h; path = ViewControllers/OZLIssueCreateViewController.h; sourceTree = "<group>"; };
		2B9968B217951A5C0086F115 /* OZLIssueCreateViewController.m */ = {isa = PBXFileReference; fileEncoding = 4; lastKnownFileType = sourcecode.c.objc; name = OZLIssueCreateViewController.m; path = ViewControllers/OZLIssueCreateViewController.m; sourceTree = "<group>"; };
		2BCCA0521795312E00FA8B1A /* OZLConstants.h */ = {isa = PBXFileReference; fileEncoding = 4; lastKnownFileType = sourcecode.c.h; name = OZLConstants.h; path = Models/OZLConstants.h; sourceTree = "<group>"; };
		2BCCA0531795312E00FA8B1A /* OZLConstants.m */ = {isa = PBXFileReference; fileEncoding = 4; lastKnownFileType = sourcecode.c.objc; name = OZLConstants.m; path = Models/OZLConstants.m; sourceTree = "<group>"; };
		2BCF880A1793A26A006FC859 /* MBProgressHUD.h */ = {isa = PBXFileReference; fileEncoding = 4; lastKnownFileType = sourcecode.c.h; path = MBProgressHUD.h; sourceTree = "<group>"; };
		2BCF880B1793A26A006FC859 /* MBProgressHUD.m */ = {isa = PBXFileReference; fileEncoding = 4; lastKnownFileType = sourcecode.c.objc; path = MBProgressHUD.m; sourceTree = "<group>"; };
		2BCF880E1793ABA0006FC859 /* Reachability.h */ = {isa = PBXFileReference; fileEncoding = 4; lastKnownFileType = sourcecode.c.h; path = Reachability.h; sourceTree = "<group>"; };
		2BCF880F1793ABA0006FC859 /* Reachability.m */ = {isa = PBXFileReference; fileEncoding = 4; lastKnownFileType = sourcecode.c.objc; path = Reachability.m; sourceTree = "<group>"; };
		2BCF88111793CB4F006FC859 /* CFNetwork.framework */ = {isa = PBXFileReference; lastKnownFileType = wrapper.framework; name = CFNetwork.framework; path = System/Library/Frameworks/CFNetwork.framework; sourceTree = SDKROOT; };
		2BCF88131793CB94006FC859 /* SystemConfiguration.framework */ = {isa = PBXFileReference; lastKnownFileType = wrapper.framework; name = SystemConfiguration.framework; path = System/Library/Frameworks/SystemConfiguration.framework; sourceTree = SDKROOT; };
		2BCF88151793E352006FC859 /* OZLProjectDetailViewController.h */ = {isa = PBXFileReference; fileEncoding = 4; lastKnownFileType = sourcecode.c.h; name = OZLProjectDetailViewController.h; path = ViewControllers/OZLProjectDetailViewController.h; sourceTree = "<group>"; };
		2BCF88161793E353006FC859 /* OZLProjectDetailViewController.m */ = {isa = PBXFileReference; fileEncoding = 4; lastKnownFileType = sourcecode.c.objc; name = OZLProjectDetailViewController.m; path = ViewControllers/OZLProjectDetailViewController.m; sourceTree = "<group>"; };
		2BCF88171793E353006FC859 /* OZLProjectDetailViewController.xib */ = {isa = PBXFileReference; fileEncoding = 4; lastKnownFileType = file.xib; name = OZLProjectDetailViewController.xib; path = ViewControllers/OZLProjectDetailViewController.xib; sourceTree = "<group>"; };
		2BCF881C1793F3C8006FC859 /* OZLModelIssue.h */ = {isa = PBXFileReference; fileEncoding = 4; lastKnownFileType = sourcecode.c.h; name = OZLModelIssue.h; path = Models/OZLModelIssue.h; sourceTree = "<group>"; };
		2BCF881D1793F3C8006FC859 /* OZLModelIssue.m */ = {isa = PBXFileReference; fileEncoding = 4; lastKnownFileType = sourcecode.c.objc; name = OZLModelIssue.m; path = Models/OZLModelIssue.m; sourceTree = "<group>"; };
		2BCF881F1793F478006FC859 /* OZLModelTracker.h */ = {isa = PBXFileReference; fileEncoding = 4; lastKnownFileType = sourcecode.c.h; name = OZLModelTracker.h; path = Models/OZLModelTracker.h; sourceTree = "<group>"; };
		2BCF88201793F478006FC859 /* OZLModelTracker.m */ = {isa = PBXFileReference; fileEncoding = 4; lastKnownFileType = sourcecode.c.objc; name = OZLModelTracker.m; path = Models/OZLModelTracker.m; sourceTree = "<group>"; };
		2BCF88251793F4AA006FC859 /* OZLModelIssueStatus.h */ = {isa = PBXFileReference; fileEncoding = 4; lastKnownFileType = sourcecode.c.h; name = OZLModelIssueStatus.h; path = Models/OZLModelIssueStatus.h; sourceTree = "<group>"; };
		2BCF88261793F4AA006FC859 /* OZLModelIssueStatus.m */ = {isa = PBXFileReference; fileEncoding = 4; lastKnownFileType = sourcecode.c.objc; name = OZLModelIssueStatus.m; path = Models/OZLModelIssueStatus.m; sourceTree = "<group>"; };
		2BCF88281793F4C9006FC859 /* OZLModelIssuePriority.h */ = {isa = PBXFileReference; fileEncoding = 4; lastKnownFileType = sourcecode.c.h; name = OZLModelIssuePriority.h; path = Models/OZLModelIssuePriority.h; sourceTree = "<group>"; };
		2BCF88291793F4C9006FC859 /* OZLModelIssuePriority.m */ = {isa = PBXFileReference; fileEncoding = 4; lastKnownFileType = sourcecode.c.objc; name = OZLModelIssuePriority.m; path = Models/OZLModelIssuePriority.m; sourceTree = "<group>"; };
		2BCF882E1793F5CE006FC859 /* OZLModelUser.h */ = {isa = PBXFileReference; fileEncoding = 4; lastKnownFileType = sourcecode.c.h; name = OZLModelUser.h; path = Models/OZLModelUser.h; sourceTree = "<group>"; };
		2BCF882F1793F5CE006FC859 /* OZLModelUser.m */ = {isa = PBXFileReference; fileEncoding = 4; lastKnownFileType = sourcecode.c.objc; name = OZLModelUser.m; path = Models/OZLModelUser.m; sourceTree = "<group>"; };
		D5DB80561792F2BF0081662A /* RedmineMobile.app */ = {isa = PBXFileReference; explicitFileType = wrapper.application; includeInIndex = 0; path = RedmineMobile.app; sourceTree = BUILT_PRODUCTS_DIR; };
		D5DB80591792F2BF0081662A /* UIKit.framework */ = {isa = PBXFileReference; lastKnownFileType = wrapper.framework; name = UIKit.framework; path = System/Library/Frameworks/UIKit.framework; sourceTree = SDKROOT; };
		D5DB805B1792F2BF0081662A /* Foundation.framework */ = {isa = PBXFileReference; lastKnownFileType = wrapper.framework; name = Foundation.framework; path = System/Library/Frameworks/Foundation.framework; sourceTree = SDKROOT; };
		D5DB805D1792F2BF0081662A /* CoreGraphics.framework */ = {isa = PBXFileReference; lastKnownFileType = wrapper.framework; name = CoreGraphics.framework; path = System/Library/Frameworks/CoreGraphics.framework; sourceTree = SDKROOT; };
		D5DB80611792F2BF0081662A /* RedmineMobile-Info.plist */ = {isa = PBXFileReference; lastKnownFileType = text.plist.xml; path = "RedmineMobile-Info.plist"; sourceTree = "<group>"; };
		D5DB80631792F2BF0081662A /* en */ = {isa = PBXFileReference; lastKnownFileType = text.plist.strings; name = en; path = en.lproj/InfoPlist.strings; sourceTree = "<group>"; };
		D5DB80651792F2BF0081662A /* main.m */ = {isa = PBXFileReference; lastKnownFileType = sourcecode.c.objc; path = main.m; sourceTree = "<group>"; };
		D5DB80671792F2BF0081662A /* RedmineMobile-Prefix.pch */ = {isa = PBXFileReference; lastKnownFileType = sourcecode.c.h; path = "RedmineMobile-Prefix.pch"; sourceTree = "<group>"; };
		D5DB80681792F2BF0081662A /* OZLAppDelegate.h */ = {isa = PBXFileReference; lastKnownFileType = sourcecode.c.h; path = OZLAppDelegate.h; sourceTree = "<group>"; };
		D5DB80691792F2BF0081662A /* OZLAppDelegate.m */ = {isa = PBXFileReference; lastKnownFileType = sourcecode.c.objc; path = OZLAppDelegate.m; sourceTree = "<group>"; };
		D5DB806B1792F2BF0081662A /* Default.png */ = {isa = PBXFileReference; lastKnownFileType = image.png; path = Default.png; sourceTree = "<group>"; };
		D5DB806D1792F2BF0081662A /* Default@2x.png */ = {isa = PBXFileReference; lastKnownFileType = image.png; path = "Default@2x.png"; sourceTree = "<group>"; };
		D5DB806F1792F2BF0081662A /* Default-568h@2x.png */ = {isa = PBXFileReference; lastKnownFileType = image.png; path = "Default-568h@2x.png"; sourceTree = "<group>"; };
		D5DB80781792F3EE0081662A /* AFHTTPClient.h */ = {isa = PBXFileReference; fileEncoding = 4; lastKnownFileType = sourcecode.c.h; path = AFHTTPClient.h; sourceTree = "<group>"; };
		D5DB80791792F3EE0081662A /* AFHTTPClient.m */ = {isa = PBXFileReference; fileEncoding = 4; lastKnownFileType = sourcecode.c.objc; path = AFHTTPClient.m; sourceTree = "<group>"; };
		D5DB807A1792F3EE0081662A /* AFHTTPRequestOperation.h */ = {isa = PBXFileReference; fileEncoding = 4; lastKnownFileType = sourcecode.c.h; path = AFHTTPRequestOperation.h; sourceTree = "<group>"; };
		D5DB807B1792F3EE0081662A /* AFHTTPRequestOperation.m */ = {isa = PBXFileReference; fileEncoding = 4; lastKnownFileType = sourcecode.c.objc; path = AFHTTPRequestOperation.m; sourceTree = "<group>"; };
		D5DB807C1792F3EE0081662A /* AFImageRequestOperation.h */ = {isa = PBXFileReference; fileEncoding = 4; lastKnownFileType = sourcecode.c.h; path = AFImageRequestOperation.h; sourceTree = "<group>"; };
		D5DB807D1792F3EE0081662A /* AFImageRequestOperation.m */ = {isa = PBXFileReference; fileEncoding = 4; lastKnownFileType = sourcecode.c.objc; path = AFImageRequestOperation.m; sourceTree = "<group>"; };
		D5DB807E1792F3EE0081662A /* AFJSONRequestOperation.h */ = {isa = PBXFileReference; fileEncoding = 4; lastKnownFileType = sourcecode.c.h; path = AFJSONRequestOperation.h; sourceTree = "<group>"; };
		D5DB807F1792F3EE0081662A /* AFJSONRequestOperation.m */ = {isa = PBXFileReference; fileEncoding = 4; lastKnownFileType = sourcecode.c.objc; path = AFJSONRequestOperation.m; sourceTree = "<group>"; };
		D5DB80801792F3EE0081662A /* AFNetworkActivityIndicatorManager.h */ = {isa = PBXFileReference; fileEncoding = 4; lastKnownFileType = sourcecode.c.h; path = AFNetworkActivityIndicatorManager.h; sourceTree = "<group>"; };
		D5DB80811792F3EE0081662A /* AFNetworkActivityIndicatorManager.m */ = {isa = PBXFileReference; fileEncoding = 4; lastKnownFileType = sourcecode.c.objc; path = AFNetworkActivityIndicatorManager.m; sourceTree = "<group>"; };
		D5DB80821792F3EE0081662A /* AFNetworking.h */ = {isa = PBXFileReference; fileEncoding = 4; lastKnownFileType = sourcecode.c.h; path = AFNetworking.h; sourceTree = "<group>"; };
		D5DB80831792F3EE0081662A /* AFPropertyListRequestOperation.h */ = {isa = PBXFileReference; fileEncoding = 4; lastKnownFileType = sourcecode.c.h; path = AFPropertyListRequestOperation.h; sourceTree = "<group>"; };
		D5DB80841792F3EE0081662A /* AFPropertyListRequestOperation.m */ = {isa = PBXFileReference; fileEncoding = 4; lastKnownFileType = sourcecode.c.objc; path = AFPropertyListRequestOperation.m; sourceTree = "<group>"; };
		D5DB80851792F3EE0081662A /* AFURLConnectionOperation.h */ = {isa = PBXFileReference; fileEncoding = 4; lastKnownFileType = sourcecode.c.h; path = AFURLConnectionOperation.h; sourceTree = "<group>"; };
		D5DB80861792F3EE0081662A /* AFURLConnectionOperation.m */ = {isa = PBXFileReference; fileEncoding = 4; lastKnownFileType = sourcecode.c.objc; path = AFURLConnectionOperation.m; sourceTree = "<group>"; };
		D5DB80871792F3EE0081662A /* AFXMLRequestOperation.h */ = {isa = PBXFileReference; fileEncoding = 4; lastKnownFileType = sourcecode.c.h; path = AFXMLRequestOperation.h; sourceTree = "<group>"; };
		D5DB80881792F3EE0081662A /* AFXMLRequestOperation.m */ = {isa = PBXFileReference; fileEncoding = 4; lastKnownFileType = sourcecode.c.objc; path = AFXMLRequestOperation.m; sourceTree = "<group>"; };
		D5DB80891792F3EE0081662A /* UIImageView+AFNetworking.h */ = {isa = PBXFileReference; fileEncoding = 4; lastKnownFileType = sourcecode.c.h; path = "UIImageView+AFNetworking.h"; sourceTree = "<group>"; };
		D5DB808A1792F3EE0081662A /* UIImageView+AFNetworking.m */ = {isa = PBXFileReference; fileEncoding = 4; lastKnownFileType = sourcecode.c.objc; path = "UIImageView+AFNetworking.m"; sourceTree = "<group>"; };
		D5DB808C1792F3EE0081662A /* PCLineChartView.h */ = {isa = PBXFileReference; fileEncoding = 4; lastKnownFileType = sourcecode.c.h; path = PCLineChartView.h; sourceTree = "<group>"; };
		D5DB808D1792F3EE0081662A /* PCLineChartView.m */ = {isa = PBXFileReference; fileEncoding = 4; lastKnownFileType = sourcecode.c.objc; path = PCLineChartView.m; sourceTree = "<group>"; };
		D5DB808E1792F3EE0081662A /* PCPieChart.h */ = {isa = PBXFileReference; fileEncoding = 4; lastKnownFileType = sourcecode.c.h; path = PCPieChart.h; sourceTree = "<group>"; };
		D5DB808F1792F3EE0081662A /* PCPieChart.m */ = {isa = PBXFileReference; fileEncoding = 4; lastKnownFileType = sourcecode.c.objc; path = PCPieChart.m; sourceTree = "<group>"; };
		D5DB80911792F3EE0081662A /* JSONKit.h */ = {isa = PBXFileReference; fileEncoding = 4; lastKnownFileType = sourcecode.c.h; path = JSONKit.h; sourceTree = "<group>"; };
		D5DB80921792F3EE0081662A /* JSONKit.m */ = {isa = PBXFileReference; fileEncoding = 4; lastKnownFileType = sourcecode.c.objc; path = JSONKit.m; sourceTree = "<group>"; };
		D5DB80941792F3EE0081662A /* PPRevealSideViewController.h */ = {isa = PBXFileReference; fileEncoding = 4; lastKnownFileType = sourcecode.c.h; path = PPRevealSideViewController.h; sourceTree = "<group>"; };
		D5DB80951792F3EE0081662A /* PPRevealSideViewController.m */ = {isa = PBXFileReference; fileEncoding = 4; lastKnownFileType = sourcecode.c.objc; path = PPRevealSideViewController.m; sourceTree = "<group>"; };
		D5DB80A31792F4DE0081662A /* OZLProjectListViewController.h */ = {isa = PBXFileReference; fileEncoding = 4; lastKnownFileType = sourcecode.c.h; name = OZLProjectListViewController.h; path = ViewControllers/OZLProjectListViewController.h; sourceTree = "<group>"; };
		D5DB80A41792F4DE0081662A /* OZLProjectListViewController.m */ = {isa = PBXFileReference; fileEncoding = 4; lastKnownFileType = sourcecode.c.objc; name = OZLProjectListViewController.m; path = ViewControllers/OZLProjectListViewController.m; sourceTree = "<group>"; };
		D5DB80A51792F4DE0081662A /* OZLProjectListViewController.xib */ = {isa = PBXFileReference; fileEncoding = 4; lastKnownFileType = file.xib; name = OZLProjectListViewController.xib; path = ViewControllers/OZLProjectListViewController.xib; sourceTree = "<group>"; };
		D5DB80A91792F6980081662A /* OZLProjectViewController.h */ = {isa = PBXFileReference; fileEncoding = 4; lastKnownFileType = sourcecode.c.h; name = OZLProjectViewController.h; path = ViewControllers/OZLProjectViewController.h; sourceTree = "<group>"; };
		D5DB80AA1792F6980081662A /* OZLProjectViewController.m */ = {isa = PBXFileReference; fileEncoding = 4; lastKnownFileType = sourcecode.c.objc; name = OZLProjectViewController.m; path = ViewControllers/OZLProjectViewController.m; sourceTree = "<group>"; };
		D5DB80AB1792F6980081662A /* OZLProjectViewController.xib */ = {isa = PBXFileReference; fileEncoding = 4; lastKnownFileType = file.xib; name = OZLProjectViewController.xib; path = ViewControllers/OZLProjectViewController.xib; sourceTree = "<group>"; };
		D5DB80AF179300B90081662A /* OZLNetwork.h */ = {isa = PBXFileReference; fileEncoding = 4; lastKnownFileType = sourcecode.c.h; name = OZLNetwork.h; path = Utils/OZLNetwork.h; sourceTree = "<group>"; };
		D5DB80B0179300B90081662A /* OZLNetwork.m */ = {isa = PBXFileReference; fileEncoding = 4; lastKnownFileType = sourcecode.c.objc; name = OZLNetwork.m; path = Utils/OZLNetwork.m; sourceTree = "<group>"; };
		D5DB80B21793016B0081662A /* OZLAccountViewController.h */ = {isa = PBXFileReference; fileEncoding = 4; lastKnownFileType = sourcecode.c.h; name = OZLAccountViewController.h; path = ViewControllers/OZLAccountViewController.h; sourceTree = "<group>"; };
		D5DB80B31793016B0081662A /* OZLAccountViewController.m */ = {isa = PBXFileReference; fileEncoding = 4; lastKnownFileType = sourcecode.c.objc; name = OZLAccountViewController.m; path = ViewControllers/OZLAccountViewController.m; sourceTree = "<group>"; };
		D5DB80B41793016B0081662A /* OZLAccountViewController.xib */ = {isa = PBXFileReference; fileEncoding = 4; lastKnownFileType = file.xib; name = OZLAccountViewController.xib; path = ViewControllers/OZLAccountViewController.xib; sourceTree = "<group>"; };
		D5DB80B817930C830081662A /* OZLNetworkBase.h */ = {isa = PBXFileReference; fileEncoding = 4; lastKnownFileType = sourcecode.c.h; name = OZLNetworkBase.h; path = Utils/OZLNetworkBase.h; sourceTree = "<group>"; };
		D5DB80B917930C830081662A /* OZLNetworkBase.m */ = {isa = PBXFileReference; fileEncoding = 4; lastKnownFileType = sourcecode.c.objc; name = OZLNetworkBase.m; path = Utils/OZLNetworkBase.m; sourceTree = "<group>"; };
		D5DB80BB17930ECD0081662A /* OZLSingleton.h */ = {isa = PBXFileReference; fileEncoding = 4; lastKnownFileType = sourcecode.c.h; name = OZLSingleton.h; path = Utils/OZLSingleton.h; sourceTree = "<group>"; };
		D5DB80BC17930ECD0081662A /* OZLSingleton.m */ = {isa = PBXFileReference; fileEncoding = 4; lastKnownFileType = sourcecode.c.objc; name = OZLSingleton.m; path = Utils/OZLSingleton.m; sourceTree = "<group>"; };
		D5DB80C017931C8B0081662A /* OZLModelProject.h */ = {isa = PBXFileReference; fileEncoding = 4; lastKnownFileType = sourcecode.c.h; name = OZLModelProject.h; path = Models/OZLModelProject.h; sourceTree = "<group>"; };
		D5DB80C117931C8B0081662A /* OZLModelProject.m */ = {isa = PBXFileReference; fileEncoding = 4; lastKnownFileType = sourcecode.c.objc; name = OZLModelProject.m; path = Models/OZLModelProject.m; sourceTree = "<group>"; };
/* End PBXFileReference section */

/* Begin PBXFrameworksBuildPhase section */
		D5DB80531792F2BF0081662A /* Frameworks */ = {
			isa = PBXFrameworksBuildPhase;
			buildActionMask = 2147483647;
			files = (
				2B6F38391797BEBA00D06F51 /* QuartzCore.framework in Frameworks */,
				2BCF88141793CB94006FC859 /* SystemConfiguration.framework in Frameworks */,
				2BCF88121793CB4F006FC859 /* CFNetwork.framework in Frameworks */,
				D5DB805A1792F2BF0081662A /* UIKit.framework in Frameworks */,
				D5DB805C1792F2BF0081662A /* Foundation.framework in Frameworks */,
				D5DB805E1792F2BF0081662A /* CoreGraphics.framework in Frameworks */,
			);
			runOnlyForDeploymentPostprocessing = 0;
		};
/* End PBXFrameworksBuildPhase section */

/* Begin PBXGroup section */
		2B6F38231797A00A00D06F51 /* MLTableAlert */ = {
			isa = PBXGroup;
			children = (
				2B6F38241797A00A00D06F51 /* Images */,
				2B6F382D1797A00A00D06F51 /* MLTableAlert.h */,
				2B6F382E1797A00A00D06F51 /* MLTableAlert.m */,
			);
			path = MLTableAlert;
			sourceTree = "<group>";
		};
		2B6F38241797A00A00D06F51 /* Images */ = {
			isa = PBXGroup;
			children = (
				2B6F38251797A00A00D06F51 /* MLTableAlertBackground.png */,
				2B6F38261797A00A00D06F51 /* MLTableAlertBackground@2x.png */,
				2B6F38271797A00A00D06F51 /* MLTableAlertButton.png */,
				2B6F38281797A00A00D06F51 /* MLTableAlertButton@2x.png */,
				2B6F38291797A00A00D06F51 /* MLTableAlertButtonPressed.png */,
				2B6F382A1797A00A00D06F51 /* MLTableAlertButtonPressed@2x.png */,
				2B6F382B1797A00A00D06F51 /* MLTableAlertShadowMask.png */,
				2B6F382C1797A00A00D06F51 /* MLTableAlertShadowMask@2x.png */,
			);
			path = Images;
			sourceTree = "<group>";
		};
		2BCB50FD1796370F006845AC /* Views */ = {
			isa = PBXGroup;
			children = (
			);
			path = Views;
			sourceTree = "<group>";
		};
		2BCF88091793A26A006FC859 /* MBProgressHUD */ = {
			isa = PBXGroup;
			children = (
				2BCF880A1793A26A006FC859 /* MBProgressHUD.h */,
				2BCF880B1793A26A006FC859 /* MBProgressHUD.m */,
			);
			path = MBProgressHUD;
			sourceTree = "<group>";
		};
		2BCF880D1793ABA0006FC859 /* Reachability */ = {
			isa = PBXGroup;
			children = (
				2BCF880E1793ABA0006FC859 /* Reachability.h */,
				2BCF880F1793ABA0006FC859 /* Reachability.m */,
			);
			path = Reachability;
			sourceTree = "<group>";
		};
		2BCF881A1793EF9F006FC859 /* Project */ = {
			isa = PBXGroup;
			children = (
				D5DB80A31792F4DE0081662A /* OZLProjectListViewController.h */,
				D5DB80A41792F4DE0081662A /* OZLProjectListViewController.m */,
				D5DB80A51792F4DE0081662A /* OZLProjectListViewController.xib */,
				2BCF88151793E352006FC859 /* OZLProjectDetailViewController.h */,
				2BCF88161793E353006FC859 /* OZLProjectDetailViewController.m */,
				2BCF88171793E353006FC859 /* OZLProjectDetailViewController.xib */,
				2B9968AC1794FC0A0086F115 /* OZLProjectCreateViewController.h */,
				2B9968AD1794FC0A0086F115 /* OZLProjectCreateViewController.m */,
				2B62D0E21796A15C00AC3C19 /* OZLProjectCreateViewController.storyboard */,
			);
			name = Project;
			sourceTree = "<group>";
		};
		2BCF881B1793EFB7006FC859 /* Issue */ = {
			isa = PBXGroup;
			children = (
				D5DB80A91792F6980081662A /* OZLProjectViewController.h */,
				D5DB80AA1792F6980081662A /* OZLProjectViewController.m */,
				D5DB80AB1792F6980081662A /* OZLProjectViewController.xib */,
				2B9968B117951A5C0086F115 /* OZLIssueCreateViewController.h */,
				2B9968B217951A5C0086F115 /* OZLIssueCreateViewController.m */,
				2B62D0DE1796498800AC3C19 /* OZLIssueCreateViewController.storyboard */,
				2B8A11E017963CE500906D34 /* OZLIssueDetailViewController.h */,
				2B8A11E117963CE500906D34 /* OZLIssueDetailViewController.m */,
				2B62D0E0179649A800AC3C19 /* OZLIssueDetailViewController.storyboard */,
				2B62D0E61796A8D800AC3C19 /* OZLIssueFilterViewController.h */,
				2B62D0E71796A8D800AC3C19 /* OZLIssueFilterViewController.m */,
			);
			name = Issue;
			sourceTree = "<group>";
		};
		D5DB804D1792F2BF0081662A = {
			isa = PBXGroup;
			children = (
				D5DB80761792F3EE0081662A /* Libs */,
				D5DB805F1792F2BF0081662A /* RedmineMobile */,
				D5DB80581792F2BF0081662A /* Frameworks */,
				D5DB80571792F2BF0081662A /* Products */,
			);
			sourceTree = "<group>";
		};
		D5DB80571792F2BF0081662A /* Products */ = {
			isa = PBXGroup;
			children = (
				D5DB80561792F2BF0081662A /* RedmineMobile.app */,
			);
			name = Products;
			sourceTree = "<group>";
		};
		D5DB80581792F2BF0081662A /* Frameworks */ = {
			isa = PBXGroup;
			children = (
				2B6F38381797BEBA00D06F51 /* QuartzCore.framework */,
				2BCF88131793CB94006FC859 /* SystemConfiguration.framework */,
				2BCF88111793CB4F006FC859 /* CFNetwork.framework */,
				D5DB80591792F2BF0081662A /* UIKit.framework */,
				D5DB805B1792F2BF0081662A /* Foundation.framework */,
				D5DB805D1792F2BF0081662A /* CoreGraphics.framework */,
			);
			name = Frameworks;
			sourceTree = "<group>";
		};
		D5DB805F1792F2BF0081662A /* RedmineMobile */ = {
			isa = PBXGroup;
			children = (
				2BCB50FD1796370F006845AC /* Views */,
				D5DB80BF17931C580081662A /* Models */,
				D5DB80AE1793008F0081662A /* Utils */,
				D5DB80A81792F4E40081662A /* ViewControllers */,
				D5DB80681792F2BF0081662A /* OZLAppDelegate.h */,
				D5DB80691792F2BF0081662A /* OZLAppDelegate.m */,
				D5DB80601792F2BF0081662A /* Supporting Files */,
			);
			path = RedmineMobile;
			sourceTree = "<group>";
		};
		D5DB80601792F2BF0081662A /* Supporting Files */ = {
			isa = PBXGroup;
			children = (
				D5DB80611792F2BF0081662A /* RedmineMobile-Info.plist */,
				D5DB80621792F2BF0081662A /* InfoPlist.strings */,
				D5DB80651792F2BF0081662A /* main.m */,
				D5DB80671792F2BF0081662A /* RedmineMobile-Prefix.pch */,
				D5DB806B1792F2BF0081662A /* Default.png */,
				D5DB806D1792F2BF0081662A /* Default@2x.png */,
				D5DB806F1792F2BF0081662A /* Default-568h@2x.png */,
			);
			name = "Supporting Files";
			sourceTree = "<group>";
		};
		D5DB80761792F3EE0081662A /* Libs */ = {
			isa = PBXGroup;
			children = (
				2B6F38231797A00A00D06F51 /* MLTableAlert */,
				2BCF880D1793ABA0006FC859 /* Reachability */,
				2BCF88091793A26A006FC859 /* MBProgressHUD */,
				D5DB80771792F3EE0081662A /* AFNetworking */,
				D5DB808B1792F3EE0081662A /* iOSPlot */,
				D5DB80901792F3EE0081662A /* JSONKit */,
				D5DB80931792F3EE0081662A /* PPRevealSideViewController */,
			);
			path = Libs;
			sourceTree = "<group>";
		};
		D5DB80771792F3EE0081662A /* AFNetworking */ = {
			isa = PBXGroup;
			children = (
				D5DB80781792F3EE0081662A /* AFHTTPClient.h */,
				D5DB80791792F3EE0081662A /* AFHTTPClient.m */,
				D5DB807A1792F3EE0081662A /* AFHTTPRequestOperation.h */,
				D5DB807B1792F3EE0081662A /* AFHTTPRequestOperation.m */,
				D5DB807C1792F3EE0081662A /* AFImageRequestOperation.h */,
				D5DB807D1792F3EE0081662A /* AFImageRequestOperation.m */,
				D5DB807E1792F3EE0081662A /* AFJSONRequestOperation.h */,
				D5DB807F1792F3EE0081662A /* AFJSONRequestOperation.m */,
				D5DB80801792F3EE0081662A /* AFNetworkActivityIndicatorManager.h */,
				D5DB80811792F3EE0081662A /* AFNetworkActivityIndicatorManager.m */,
				D5DB80821792F3EE0081662A /* AFNetworking.h */,
				D5DB80831792F3EE0081662A /* AFPropertyListRequestOperation.h */,
				D5DB80841792F3EE0081662A /* AFPropertyListRequestOperation.m */,
				D5DB80851792F3EE0081662A /* AFURLConnectionOperation.h */,
				D5DB80861792F3EE0081662A /* AFURLConnectionOperation.m */,
				D5DB80871792F3EE0081662A /* AFXMLRequestOperation.h */,
				D5DB80881792F3EE0081662A /* AFXMLRequestOperation.m */,
				D5DB80891792F3EE0081662A /* UIImageView+AFNetworking.h */,
				D5DB808A1792F3EE0081662A /* UIImageView+AFNetworking.m */,
			);
			path = AFNetworking;
			sourceTree = "<group>";
		};
		D5DB808B1792F3EE0081662A /* iOSPlot */ = {
			isa = PBXGroup;
			children = (
				D5DB808C1792F3EE0081662A /* PCLineChartView.h */,
				D5DB808D1792F3EE0081662A /* PCLineChartView.m */,
				D5DB808E1792F3EE0081662A /* PCPieChart.h */,
				D5DB808F1792F3EE0081662A /* PCPieChart.m */,
			);
			path = iOSPlot;
			sourceTree = "<group>";
		};
		D5DB80901792F3EE0081662A /* JSONKit */ = {
			isa = PBXGroup;
			children = (
				D5DB80911792F3EE0081662A /* JSONKit.h */,
				D5DB80921792F3EE0081662A /* JSONKit.m */,
			);
			path = JSONKit;
			sourceTree = "<group>";
		};
		D5DB80931792F3EE0081662A /* PPRevealSideViewController */ = {
			isa = PBXGroup;
			children = (
				D5DB80941792F3EE0081662A /* PPRevealSideViewController.h */,
				D5DB80951792F3EE0081662A /* PPRevealSideViewController.m */,
			);
			path = PPRevealSideViewController;
			sourceTree = "<group>";
		};
		D5DB80A81792F4E40081662A /* ViewControllers */ = {
			isa = PBXGroup;
			children = (
				2BCF881B1793EFB7006FC859 /* Issue */,
				2BCF881A1793EF9F006FC859 /* Project */,
				D5DB80B21793016B0081662A /* OZLAccountViewController.h */,
				D5DB80B31793016B0081662A /* OZLAccountViewController.m */,
				D5DB80B41793016B0081662A /* OZLAccountViewController.xib */,
			);
			name = ViewControllers;
			sourceTree = "<group>";
		};
		D5DB80AE1793008F0081662A /* Utils */ = {
			isa = PBXGroup;
			children = (
				D5DB80AF179300B90081662A /* OZLNetwork.h */,
				D5DB80B0179300B90081662A /* OZLNetwork.m */,
				D5DB80B817930C830081662A /* OZLNetworkBase.h */,
				D5DB80B917930C830081662A /* OZLNetworkBase.m */,
				D5DB80BB17930ECD0081662A /* OZLSingleton.h */,
				D5DB80BC17930ECD0081662A /* OZLSingleton.m */,
				2BCCA0521795312E00FA8B1A /* OZLConstants.h */,
				2BCCA0531795312E00FA8B1A /* OZLConstants.m */,
			);
			name = Utils;
			sourceTree = "<group>";
		};
		D5DB80BF17931C580081662A /* Models */ = {
			isa = PBXGroup;
			children = (
				2BCF88251793F4AA006FC859 /* OZLModelIssueStatus.h */,
				2BCF88261793F4AA006FC859 /* OZLModelIssueStatus.m */,
				D5DB80C017931C8B0081662A /* OZLModelProject.h */,
				D5DB80C117931C8B0081662A /* OZLModelProject.m */,
				2BCF881C1793F3C8006FC859 /* OZLModelIssue.h */,
				2BCF881D1793F3C8006FC859 /* OZLModelIssue.m */,
				2BCF881F1793F478006FC859 /* OZLModelTracker.h */,
				2BCF88201793F478006FC859 /* OZLModelTracker.m */,
				2BCF88281793F4C9006FC859 /* OZLModelIssuePriority.h */,
				2BCF88291793F4C9006FC859 /* OZLModelIssuePriority.m */,
				2BCF882E1793F5CE006FC859 /* OZLModelUser.h */,
				2BCF882F1793F5CE006FC859 /* OZLModelUser.m */,
				2B9968A91794F71B0086F115 /* OZLModelIssueCategory.h */,
				2B9968AA1794F71B0086F115 /* OZLModelIssueCategory.m */,
			);
			name = Models;
			sourceTree = "<group>";
		};
/* End PBXGroup section */

/* Begin PBXNativeTarget section */
		D5DB80551792F2BF0081662A /* RedmineMobile */ = {
			isa = PBXNativeTarget;
			buildConfigurationList = D5DB80731792F2BF0081662A /* Build configuration list for PBXNativeTarget "RedmineMobile" */;
			buildPhases = (
				D5DB80521792F2BF0081662A /* Sources */,
				D5DB80531792F2BF0081662A /* Frameworks */,
				D5DB80541792F2BF0081662A /* Resources */,
			);
			buildRules = (
			);
			dependencies = (
			);
			name = RedmineMobile;
			productName = RedmineMobile;
			productReference = D5DB80561792F2BF0081662A /* RedmineMobile.app */;
			productType = "com.apple.product-type.application";
		};
/* End PBXNativeTarget section */

/* Begin PBXProject section */
		D5DB804E1792F2BF0081662A /* Project object */ = {
			isa = PBXProject;
			attributes = {
				CLASSPREFIX = OZL;
				LastUpgradeCheck = 0460;
				ORGANIZATIONNAME = "Lee Zhijie";
			};
			buildConfigurationList = D5DB80511792F2BF0081662A /* Build configuration list for PBXProject "RedmineMobile" */;
			compatibilityVersion = "Xcode 3.2";
			developmentRegion = English;
			hasScannedForEncodings = 0;
			knownRegions = (
				en,
			);
			mainGroup = D5DB804D1792F2BF0081662A;
			productRefGroup = D5DB80571792F2BF0081662A /* Products */;
			projectDirPath = "";
			projectRoot = "";
			targets = (
				D5DB80551792F2BF0081662A /* RedmineMobile */,
			);
		};
/* End PBXProject section */

/* Begin PBXResourcesBuildPhase section */
		D5DB80541792F2BF0081662A /* Resources */ = {
			isa = PBXResourcesBuildPhase;
			buildActionMask = 2147483647;
			files = (
				D5DB80641792F2BF0081662A /* InfoPlist.strings in Resources */,
				D5DB806C1792F2BF0081662A /* Default.png in Resources */,
				D5DB806E1792F2BF0081662A /* Default@2x.png in Resources */,
				D5DB80701792F2BF0081662A /* Default-568h@2x.png in Resources */,
				D5DB80A71792F4DE0081662A /* OZLProjectListViewController.xib in Resources */,
				D5DB80AD1792F6980081662A /* OZLProjectViewController.xib in Resources */,
				D5DB80B61793016B0081662A /* OZLAccountViewController.xib in Resources */,
				2BCF88191793E353006FC859 /* OZLProjectDetailViewController.xib in Resources */,
				2B62D0DF1796498800AC3C19 /* OZLIssueCreateViewController.storyboard in Resources */,
				2B62D0E1179649A800AC3C19 /* OZLIssueDetailViewController.storyboard in Resources */,
				2B62D0E31796A15C00AC3C19 /* OZLProjectCreateViewController.storyboard in Resources */,
				2B6F382F1797A00A00D06F51 /* MLTableAlertBackground.png in Resources */,
				2B6F38301797A00A00D06F51 /* MLTableAlertBackground@2x.png in Resources */,
				2B6F38311797A00A00D06F51 /* MLTableAlertButton.png in Resources */,
				2B6F38321797A00A00D06F51 /* MLTableAlertButton@2x.png in Resources */,
				2B6F38331797A00A00D06F51 /* MLTableAlertButtonPressed.png in Resources */,
				2B6F38341797A00A00D06F51 /* MLTableAlertButtonPressed@2x.png in Resources */,
				2B6F38351797A00A00D06F51 /* MLTableAlertShadowMask.png in Resources */,
				2B6F38361797A00A00D06F51 /* MLTableAlertShadowMask@2x.png in Resources */,
			);
			runOnlyForDeploymentPostprocessing = 0;
		};
/* End PBXResourcesBuildPhase section */

/* Begin PBXSourcesBuildPhase section */
		D5DB80521792F2BF0081662A /* Sources */ = {
			isa = PBXSourcesBuildPhase;
			buildActionMask = 2147483647;
			files = (
				D5DB80661792F2BF0081662A /* main.m in Sources */,
				D5DB806A1792F2BF0081662A /* OZLAppDelegate.m in Sources */,
				D5DB80961792F3EE0081662A /* AFHTTPClient.m in Sources */,
				D5DB80971792F3EE0081662A /* AFHTTPRequestOperation.m in Sources */,
				D5DB80981792F3EE0081662A /* AFImageRequestOperation.m in Sources */,
				D5DB80991792F3EE0081662A /* AFJSONRequestOperation.m in Sources */,
				D5DB809A1792F3EE0081662A /* AFNetworkActivityIndicatorManager.m in Sources */,
				D5DB809B1792F3EE0081662A /* AFPropertyListRequestOperation.m in Sources */,
				D5DB809C1792F3EE0081662A /* AFURLConnectionOperation.m in Sources */,
				D5DB809D1792F3EE0081662A /* AFXMLRequestOperation.m in Sources */,
				D5DB809E1792F3EE0081662A /* UIImageView+AFNetworking.m in Sources */,
				D5DB809F1792F3EE0081662A /* PCLineChartView.m in Sources */,
				D5DB80A01792F3EE0081662A /* PCPieChart.m in Sources */,
				D5DB80A11792F3EE0081662A /* JSONKit.m in Sources */,
				D5DB80A21792F3EE0081662A /* PPRevealSideViewController.m in Sources */,
				D5DB80A61792F4DE0081662A /* OZLProjectListViewController.m in Sources */,
				D5DB80AC1792F6980081662A /* OZLProjectViewController.m in Sources */,
				D5DB80B1179300B90081662A /* OZLNetwork.m in Sources */,
				D5DB80B51793016B0081662A /* OZLAccountViewController.m in Sources */,
				D5DB80BA17930C830081662A /* OZLNetworkBase.m in Sources */,
				D5DB80BD17930ECD0081662A /* OZLSingleton.m in Sources */,
				D5DB80C217931C8B0081662A /* OZLModelProject.m in Sources */,
				2BCF880C1793A26A006FC859 /* MBProgressHUD.m in Sources */,
				2BCF88101793ABA0006FC859 /* Reachability.m in Sources */,
				2BCF88181793E353006FC859 /* OZLProjectDetailViewController.m in Sources */,
				2BCF881E1793F3C8006FC859 /* OZLModelIssue.m in Sources */,
				2BCF88211793F478006FC859 /* OZLModelTracker.m in Sources */,
				2BCF88271793F4AA006FC859 /* OZLModelIssueStatus.m in Sources */,
				2BCF882A1793F4C9006FC859 /* OZLModelIssuePriority.m in Sources */,
				2BCF88301793F5CE006FC859 /* OZLModelUser.m in Sources */,
				2B9968AB1794F71B0086F115 /* OZLModelIssueCategory.m in Sources */,
				2B9968AF1794FC0A0086F115 /* OZLProjectCreateViewController.m in Sources */,
				2B9968B417951A5C0086F115 /* OZLIssueCreateViewController.m in Sources */,
				2BCCA0541795312E00FA8B1A /* OZLConstants.m in Sources */,
				2B8A11E217963CE500906D34 /* OZLIssueDetailViewController.m in Sources */,
				2B62D0E81796A8D800AC3C19 /* OZLIssueFilterViewController.m in Sources */,
				2B6F38371797A00A00D06F51 /* MLTableAlert.m in Sources */,
			);
			runOnlyForDeploymentPostprocessing = 0;
		};
/* End PBXSourcesBuildPhase section */

/* Begin PBXVariantGroup section */
		D5DB80621792F2BF0081662A /* InfoPlist.strings */ = {
			isa = PBXVariantGroup;
			children = (
				D5DB80631792F2BF0081662A /* en */,
			);
			name = InfoPlist.strings;
			sourceTree = "<group>";
		};
/* End PBXVariantGroup section */

/* Begin XCBuildConfiguration section */
		D5DB80711792F2BF0081662A /* Debug */ = {
			isa = XCBuildConfiguration;
			buildSettings = {
				ALWAYS_SEARCH_USER_PATHS = NO;
				CLANG_CXX_LANGUAGE_STANDARD = "gnu++0x";
				CLANG_CXX_LIBRARY = "libc++";
				CLANG_ENABLE_OBJC_ARC = YES;
				CLANG_WARN_CONSTANT_CONVERSION = YES;
				CLANG_WARN_EMPTY_BODY = YES;
				CLANG_WARN_ENUM_CONVERSION = YES;
				CLANG_WARN_INT_CONVERSION = YES;
				CLANG_WARN__DUPLICATE_METHOD_MATCH = YES;
				"CODE_SIGN_IDENTITY[sdk=iphoneos*]" = "iPhone Developer";
				COPY_PHASE_STRIP = NO;
				GCC_C_LANGUAGE_STANDARD = gnu99;
				GCC_DYNAMIC_NO_PIC = NO;
				GCC_OPTIMIZATION_LEVEL = 0;
				GCC_PREPROCESSOR_DEFINITIONS = (
					"DEBUG=1",
					"$(inherited)",
				);
				GCC_SYMBOLS_PRIVATE_EXTERN = NO;
				GCC_WARN_ABOUT_RETURN_TYPE = YES;
				GCC_WARN_UNINITIALIZED_AUTOS = YES;
				GCC_WARN_UNUSED_VARIABLE = YES;
				IPHONEOS_DEPLOYMENT_TARGET = 6.1;
				ONLY_ACTIVE_ARCH = YES;
				SDKROOT = iphoneos;
				TARGETED_DEVICE_FAMILY = "1,2";
			};
			name = Debug;
		};
		D5DB80721792F2BF0081662A /* Release */ = {
			isa = XCBuildConfiguration;
			buildSettings = {
				ALWAYS_SEARCH_USER_PATHS = NO;
				CLANG_CXX_LANGUAGE_STANDARD = "gnu++0x";
				CLANG_CXX_LIBRARY = "libc++";
				CLANG_ENABLE_OBJC_ARC = YES;
				CLANG_WARN_CONSTANT_CONVERSION = YES;
				CLANG_WARN_EMPTY_BODY = YES;
				CLANG_WARN_ENUM_CONVERSION = YES;
				CLANG_WARN_INT_CONVERSION = YES;
				CLANG_WARN__DUPLICATE_METHOD_MATCH = YES;
				"CODE_SIGN_IDENTITY[sdk=iphoneos*]" = "iPhone Developer";
				COPY_PHASE_STRIP = YES;
				GCC_C_LANGUAGE_STANDARD = gnu99;
				GCC_WARN_ABOUT_RETURN_TYPE = YES;
				GCC_WARN_UNINITIALIZED_AUTOS = YES;
				GCC_WARN_UNUSED_VARIABLE = YES;
				IPHONEOS_DEPLOYMENT_TARGET = 6.1;
				OTHER_CFLAGS = "-DNS_BLOCK_ASSERTIONS=1";
				SDKROOT = iphoneos;
				TARGETED_DEVICE_FAMILY = "1,2";
				VALIDATE_PRODUCT = YES;
			};
			name = Release;
		};
		D5DB80741792F2BF0081662A /* Debug */ = {
			isa = XCBuildConfiguration;
			buildSettings = {
				GCC_PRECOMPILE_PREFIX_HEADER = YES;
				GCC_PREFIX_HEADER = "RedmineMobile/RedmineMobile-Prefix.pch";
				INFOPLIST_FILE = "RedmineMobile/RedmineMobile-Info.plist";
				IPHONEOS_DEPLOYMENT_TARGET = 5.0;
				PRODUCT_NAME = "$(TARGET_NAME)";
				WRAPPER_EXTENSION = app;
			};
			name = Debug;
		};
		D5DB80751792F2BF0081662A /* Release */ = {
			isa = XCBuildConfiguration;
			buildSettings = {
				GCC_PRECOMPILE_PREFIX_HEADER = YES;
				GCC_PREFIX_HEADER = "RedmineMobile/RedmineMobile-Prefix.pch";
				INFOPLIST_FILE = "RedmineMobile/RedmineMobile-Info.plist";
				IPHONEOS_DEPLOYMENT_TARGET = 5.0;
				PRODUCT_NAME = "$(TARGET_NAME)";
				WRAPPER_EXTENSION = app;
			};
			name = Release;
		};
/* End XCBuildConfiguration section */

/* Begin XCConfigurationList section */
		D5DB80511792F2BF0081662A /* Build configuration list for PBXProject "RedmineMobile" */ = {
			isa = XCConfigurationList;
			buildConfigurations = (
				D5DB80711792F2BF0081662A /* Debug */,
				D5DB80721792F2BF0081662A /* Release */,
			);
			defaultConfigurationIsVisible = 0;
			defaultConfigurationName = Release;
		};
		D5DB80731792F2BF0081662A /* Build configuration list for PBXNativeTarget "RedmineMobile" */ = {
			isa = XCConfigurationList;
			buildConfigurations = (
				D5DB80741792F2BF0081662A /* Debug */,
				D5DB80751792F2BF0081662A /* Release */,
			);
			defaultConfigurationIsVisible = 0;
			defaultConfigurationName = Release;
		};
/* End XCConfigurationList section */
	};
	rootObject = D5DB804E1792F2BF0081662A /* Project object */;
}
